
Microsoft Visual Studio Solution File, Format Version 12.00
# Visual Studio Version 16
VisualStudioVersion = 16.0.31205.134
MinimumVisualStudioVersion = 10.0.40219.1
Project("{FAE04EC0-301F-11D3-BF4B-00C04F79EFBC}") = "GitHubLabTest", "GitHubLabTest\GitHubLabTest.csproj", "{0393BDDE-056A-4C0C-A265-EAD2A99379E3}"
EndProject
Global
	GlobalSection(SolutionConfigurationPlatforms) = preSolution
		Debug|Any CPU = Debug|Any CPU
		Release|Any CPU = Release|Any CPU
	EndGlobalSection
	GlobalSection(ProjectConfigurationPlatforms) = postSolution
		{0393BDDE-056A-4C0C-A265-EAD2A99379E3}.Debug|Any CPU.ActiveCfg = Debug|Any CPU
		{0393BDDE-056A-4C0C-A265-EAD2A99379E3}.Debug|Any CPU.Build.0 = Debug|Any CPU
		{0393BDDE-056A-4C0C-A265-EAD2A99379E3}.Release|Any CPU.ActiveCfg = Release|Any CPU
		{0393BDDE-056A-4C0C-A265-EAD2A99379E3}.Release|Any CPU.Build.0 = Release|Any CPU
	EndGlobalSection
	GlobalSection(SolutionProperties) = preSolution
		HideSolutionNode = FALSE
	EndGlobalSection
	GlobalSection(ExtensibilityGlobals) = postSolution
		SolutionGuid = {7C1DBC00-6F61-43C3-8CFB-7D6183F2F2F1}
	EndGlobalSection
EndGlobal
